// !$*UTF8*$!
{
	archiveVersion = 1;
	classes = {
	};
	objectVersion = 56;
	objects = {

/* Begin PBXBuildFile section */
		052DAF412BFB886E0025DEEE /* UIViewCobtroller+Ext.swift in Sources */ = {isa = PBXBuildFile; fileRef = 052DAF402BFB886E0025DEEE /* UIViewCobtroller+Ext.swift */; };
		053A31AE2C0764CF005238F0 /* FollowerCell.swift in Sources */ = {isa = PBXBuildFile; fileRef = 053A31AD2C0764CF005238F0 /* FollowerCell.swift */; };
		053A31B02C076618005238F0 /* GFAvatarImageView.swift in Sources */ = {isa = PBXBuildFile; fileRef = 053A31AF2C076618005238F0 /* GFAvatarImageView.swift */; };
		057748F02BFF45C9000BA141 /* ErrorMessage.swift in Sources */ = {isa = PBXBuildFile; fileRef = 057748EF2BFF45C9000BA141 /* ErrorMessage.swift */; };
		0577F2932BF3498E0008A9C1 /* SearchVC.swift in Sources */ = {isa = PBXBuildFile; fileRef = 0577F2922BF3498E0008A9C1 /* SearchVC.swift */; };
		0577F2952BF34A490008A9C1 /* FavoritesListVC.swift in Sources */ = {isa = PBXBuildFile; fileRef = 0577F2942BF34A490008A9C1 /* FavoritesListVC.swift */; };
		057824FD2BF48FD4007359C0 /* GFButton.swift in Sources */ = {isa = PBXBuildFile; fileRef = 057824FC2BF48FD4007359C0 /* GFButton.swift */; };
		057824FF2BF4A68B007359C0 /* GFTextfield.swift in Sources */ = {isa = PBXBuildFile; fileRef = 057824FE2BF4A68B007359C0 /* GFTextfield.swift */; };
		057825012BF4F1FD007359C0 /* FollowerListVC.swift in Sources */ = {isa = PBXBuildFile; fileRef = 057825002BF4F1FD007359C0 /* FollowerListVC.swift */; };
		057AE62E2BFC9167004C0109 /* Follower.swift in Sources */ = {isa = PBXBuildFile; fileRef = 057AE62D2BFC9167004C0109 /* Follower.swift */; };
		057AE6302BFC9487004C0109 /* User.swift in Sources */ = {isa = PBXBuildFile; fileRef = 057AE62F2BFC9487004C0109 /* User.swift */; };
		057AE6342BFCA416004C0109 /* NetworkManager.swift in Sources */ = {isa = PBXBuildFile; fileRef = 057AE6332BFCA416004C0109 /* NetworkManager.swift */; };
		057B7B1D2BF5E2210004B442 /* GFTitleLabel.swift in Sources */ = {isa = PBXBuildFile; fileRef = 057B7B1C2BF5E2210004B442 /* GFTitleLabel.swift */; };
		057B7B1F2BF5E9230004B442 /* GFBodyLabel.swift in Sources */ = {isa = PBXBuildFile; fileRef = 057B7B1E2BF5E9230004B442 /* GFBodyLabel.swift */; };
		057B7B212BF5EB1B0004B442 /* GFAlertVC.swift in Sources */ = {isa = PBXBuildFile; fileRef = 057B7B202BF5EB1B0004B442 /* GFAlertVC.swift */; };
		057BBB982BEA0A7C0074F9C3 /* AppDelegate.swift in Sources */ = {isa = PBXBuildFile; fileRef = 057BBB972BEA0A7C0074F9C3 /* AppDelegate.swift */; };
		057BBB9A2BEA0A7C0074F9C3 /* SceneDelegate.swift in Sources */ = {isa = PBXBuildFile; fileRef = 057BBB992BEA0A7C0074F9C3 /* SceneDelegate.swift */; };
		057BBBA12BEA0A7E0074F9C3 /* Assets.xcassets in Resources */ = {isa = PBXBuildFile; fileRef = 057BBBA02BEA0A7E0074F9C3 /* Assets.xcassets */; };
/* End PBXBuildFile section */

/* Begin PBXFileReference section */
		052DAF402BFB886E0025DEEE /* UIViewCobtroller+Ext.swift */ = {isa = PBXFileReference; lastKnownFileType = sourcecode.swift; path = "UIViewCobtroller+Ext.swift"; sourceTree = "<group>"; };
		053A31AD2C0764CF005238F0 /* FollowerCell.swift */ = {isa = PBXFileReference; lastKnownFileType = sourcecode.swift; path = FollowerCell.swift; sourceTree = "<group>"; };
		053A31AF2C076618005238F0 /* GFAvatarImageView.swift */ = {isa = PBXFileReference; lastKnownFileType = sourcecode.swift; path = GFAvatarImageView.swift; sourceTree = "<group>"; };
		057748EF2BFF45C9000BA141 /* ErrorMessage.swift */ = {isa = PBXFileReference; lastKnownFileType = sourcecode.swift; path = ErrorMessage.swift; sourceTree = "<group>"; };
		0577F2922BF3498E0008A9C1 /* SearchVC.swift */ = {isa = PBXFileReference; lastKnownFileType = sourcecode.swift; path = SearchVC.swift; sourceTree = "<group>"; };
		0577F2942BF34A490008A9C1 /* FavoritesListVC.swift */ = {isa = PBXFileReference; lastKnownFileType = sourcecode.swift; path = FavoritesListVC.swift; sourceTree = "<group>"; };
		057824FC2BF48FD4007359C0 /* GFButton.swift */ = {isa = PBXFileReference; lastKnownFileType = sourcecode.swift; path = GFButton.swift; sourceTree = "<group>"; };
		057824FE2BF4A68B007359C0 /* GFTextfield.swift */ = {isa = PBXFileReference; lastKnownFileType = sourcecode.swift; path = GFTextfield.swift; sourceTree = "<group>"; };
		057825002BF4F1FD007359C0 /* FollowerListVC.swift */ = {isa = PBXFileReference; lastKnownFileType = sourcecode.swift; path = FollowerListVC.swift; sourceTree = "<group>"; };
		057AE62D2BFC9167004C0109 /* Follower.swift */ = {isa = PBXFileReference; lastKnownFileType = sourcecode.swift; path = Follower.swift; sourceTree = "<group>"; };
		057AE62F2BFC9487004C0109 /* User.swift */ = {isa = PBXFileReference; lastKnownFileType = sourcecode.swift; path = User.swift; sourceTree = "<group>"; };
		057AE6332BFCA416004C0109 /* NetworkManager.swift */ = {isa = PBXFileReference; lastKnownFileType = sourcecode.swift; path = NetworkManager.swift; sourceTree = "<group>"; };
		057B7B1C2BF5E2210004B442 /* GFTitleLabel.swift */ = {isa = PBXFileReference; lastKnownFileType = sourcecode.swift; path = GFTitleLabel.swift; sourceTree = "<group>"; };
		057B7B1E2BF5E9230004B442 /* GFBodyLabel.swift */ = {isa = PBXFileReference; lastKnownFileType = sourcecode.swift; path = GFBodyLabel.swift; sourceTree = "<group>"; };
		057B7B202BF5EB1B0004B442 /* GFAlertVC.swift */ = {isa = PBXFileReference; lastKnownFileType = sourcecode.swift; path = GFAlertVC.swift; sourceTree = "<group>"; };
		057BBB942BEA0A7C0074F9C3 /* Git Followers.app */ = {isa = PBXFileReference; explicitFileType = wrapper.application; includeInIndex = 0; path = "Git Followers.app"; sourceTree = BUILT_PRODUCTS_DIR; };
		057BBB972BEA0A7C0074F9C3 /* AppDelegate.swift */ = {isa = PBXFileReference; lastKnownFileType = sourcecode.swift; path = AppDelegate.swift; sourceTree = "<group>"; };
		057BBB992BEA0A7C0074F9C3 /* SceneDelegate.swift */ = {isa = PBXFileReference; lastKnownFileType = sourcecode.swift; path = SceneDelegate.swift; sourceTree = "<group>"; };
		057BBBA02BEA0A7E0074F9C3 /* Assets.xcassets */ = {isa = PBXFileReference; lastKnownFileType = folder.assetcatalog; path = Assets.xcassets; sourceTree = "<group>"; };
		057BBBA52BEA0A7E0074F9C3 /* Info.plist */ = {isa = PBXFileReference; lastKnownFileType = text.plist.xml; path = Info.plist; sourceTree = "<group>"; };
/* End PBXFileReference section */

/* Begin PBXFrameworksBuildPhase section */
		057BBB912BEA0A7C0074F9C3 /* Frameworks */ = {
			isa = PBXFrameworksBuildPhase;
			buildActionMask = 2147483647;
			files = (
			);
			runOnlyForDeploymentPostprocessing = 0;
		};
/* End PBXFrameworksBuildPhase section */

/* Begin PBXGroup section */
		053A31AA2C076245005238F0 /* Cells */ = {
			isa = PBXGroup;
			children = (
				053A31AD2C0764CF005238F0 /* FollowerCell.swift */,
			);
			path = Cells;
			sourceTree = "<group>";
		};
		057748EE2BFF4532000BA141 /* Utilities */ = {
			isa = PBXGroup;
			children = (
				057748EF2BFF45C9000BA141 /* ErrorMessage.swift */,
			);
			path = Utilities;
			sourceTree = "<group>";
		};
		057AE62A2BFC7B24004C0109 /* Screens */ = {
			isa = PBXGroup;
			children = (
				057825002BF4F1FD007359C0 /* FollowerListVC.swift */,
				0577F2942BF34A490008A9C1 /* FavoritesListVC.swift */,
				0577F2922BF3498E0008A9C1 /* SearchVC.swift */,
			);
			path = Screens;
			sourceTree = "<group>";
		};
		057AE62B2BFC7D3B004C0109 /* Custom Views */ = {
			isa = PBXGroup;
			children = (
				053A31AA2C076245005238F0 /* Cells */,
				053A31AF2C076618005238F0 /* GFAvatarImageView.swift */,
				057B7B202BF5EB1B0004B442 /* GFAlertVC.swift */,
				057824FC2BF48FD4007359C0 /* GFButton.swift */,
				057824FE2BF4A68B007359C0 /* GFTextfield.swift */,
				057B7B1C2BF5E2210004B442 /* GFTitleLabel.swift */,
				052DAF402BFB886E0025DEEE /* UIViewCobtroller+Ext.swift */,
				057B7B1E2BF5E9230004B442 /* GFBodyLabel.swift */,
			);
			path = "Custom Views";
			sourceTree = "<group>";
		};
		057AE62C2BFC912F004C0109 /* Model */ = {
			isa = PBXGroup;
			children = (
				057AE62D2BFC9167004C0109 /* Follower.swift */,
				057AE62F2BFC9487004C0109 /* User.swift */,
			);
			path = Model;
			sourceTree = "<group>";
		};
		057AE6312BFC98CB004C0109 /* Support */ = {
			isa = PBXGroup;
			children = (
				057BBB972BEA0A7C0074F9C3 /* AppDelegate.swift */,
				057BBB992BEA0A7C0074F9C3 /* SceneDelegate.swift */,
				057BBBA02BEA0A7E0074F9C3 /* Assets.xcassets */,
			);
			path = Support;
			sourceTree = "<group>";
		};
		057AE6322BFCA3DD004C0109 /* Managers */ = {
			isa = PBXGroup;
			children = (
				057AE6332BFCA416004C0109 /* NetworkManager.swift */,
			);
			path = Managers;
			sourceTree = "<group>";
		};
		057BBB8B2BEA0A7C0074F9C3 = {
			isa = PBXGroup;
			children = (
				057BBB962BEA0A7C0074F9C3 /* Git Followers */,
				057BBB952BEA0A7C0074F9C3 /* Products */,
			);
			sourceTree = "<group>";
		};
		057BBB952BEA0A7C0074F9C3 /* Products */ = {
			isa = PBXGroup;
			children = (
				057BBB942BEA0A7C0074F9C3 /* Git Followers.app */,
			);
			name = Products;
			sourceTree = "<group>";
		};
		057BBB962BEA0A7C0074F9C3 /* Git Followers */ = {
			isa = PBXGroup;
			children = (
				057AE62B2BFC7D3B004C0109 /* Custom Views */,
				057AE62A2BFC7B24004C0109 /* Screens */,
				057748EE2BFF4532000BA141 /* Utilities */,
				057AE6312BFC98CB004C0109 /* Support */,
				057AE6322BFCA3DD004C0109 /* Managers */,
				057AE62C2BFC912F004C0109 /* Model */,
				057BBBA52BEA0A7E0074F9C3 /* Info.plist */,
			);
			path = "Git Followers";
			sourceTree = "<group>";
		};
/* End PBXGroup section */

/* Begin PBXNativeTarget section */
		057BBB932BEA0A7C0074F9C3 /* Git Followers */ = {
			isa = PBXNativeTarget;
			buildConfigurationList = 057BBBA82BEA0A7E0074F9C3 /* Build configuration list for PBXNativeTarget "Git Followers" */;
			buildPhases = (
				057BBB902BEA0A7C0074F9C3 /* Sources */,
				057BBB912BEA0A7C0074F9C3 /* Frameworks */,
				057BBB922BEA0A7C0074F9C3 /* Resources */,
			);
			buildRules = (
			);
			dependencies = (
			);
			name = "Git Followers";
			productName = "Git Followers";
			productReference = 057BBB942BEA0A7C0074F9C3 /* Git Followers.app */;
			productType = "com.apple.product-type.application";
		};
/* End PBXNativeTarget section */

/* Begin PBXProject section */
		057BBB8C2BEA0A7C0074F9C3 /* Project object */ = {
			isa = PBXProject;
			attributes = {
				BuildIndependentTargetsInParallel = 1;
				LastSwiftUpdateCheck = 1430;
				LastUpgradeCheck = 1430;
				TargetAttributes = {
					057BBB932BEA0A7C0074F9C3 = {
						CreatedOnToolsVersion = 14.3;
					};
				};
			};
			buildConfigurationList = 057BBB8F2BEA0A7C0074F9C3 /* Build configuration list for PBXProject "Git Followers" */;
			compatibilityVersion = "Xcode 14.0";
			developmentRegion = en;
			hasScannedForEncodings = 0;
			knownRegions = (
				en,
				Base,
			);
			mainGroup = 057BBB8B2BEA0A7C0074F9C3;
			productRefGroup = 057BBB952BEA0A7C0074F9C3 /* Products */;
			projectDirPath = "";
			projectRoot = "";
			targets = (
				057BBB932BEA0A7C0074F9C3 /* Git Followers */,
			);
		};
/* End PBXProject section */

/* Begin PBXResourcesBuildPhase section */
		057BBB922BEA0A7C0074F9C3 /* Resources */ = {
			isa = PBXResourcesBuildPhase;
			buildActionMask = 2147483647;
			files = (
				057BBBA12BEA0A7E0074F9C3 /* Assets.xcassets in Resources */,
			);
			runOnlyForDeploymentPostprocessing = 0;
		};
/* End PBXResourcesBuildPhase section */

/* Begin PBXSourcesBuildPhase section */
		057BBB902BEA0A7C0074F9C3 /* Sources */ = {
			isa = PBXSourcesBuildPhase;
			buildActionMask = 2147483647;
			files = (
				057AE6302BFC9487004C0109 /* User.swift in Sources */,
				057824FF2BF4A68B007359C0 /* GFTextfield.swift in Sources */,
				0577F2952BF34A490008A9C1 /* FavoritesListVC.swift in Sources */,
				057824FD2BF48FD4007359C0 /* GFButton.swift in Sources */,
				052DAF412BFB886E0025DEEE /* UIViewCobtroller+Ext.swift in Sources */,
				053A31B02C076618005238F0 /* GFAvatarImageView.swift in Sources */,
				0577F2932BF3498E0008A9C1 /* SearchVC.swift in Sources */,
				057B7B212BF5EB1B0004B442 /* GFAlertVC.swift in Sources */,
				053A31AE2C0764CF005238F0 /* FollowerCell.swift in Sources */,
				057748F02BFF45C9000BA141 /* ErrorMessage.swift in Sources */,
				057B7B1F2BF5E9230004B442 /* GFBodyLabel.swift in Sources */,
				057AE62E2BFC9167004C0109 /* Follower.swift in Sources */,
				057B7B1D2BF5E2210004B442 /* GFTitleLabel.swift in Sources */,
				057AE6342BFCA416004C0109 /* NetworkManager.swift in Sources */,
				057825012BF4F1FD007359C0 /* FollowerListVC.swift in Sources */,
				057BBB982BEA0A7C0074F9C3 /* AppDelegate.swift in Sources */,
				057BBB9A2BEA0A7C0074F9C3 /* SceneDelegate.swift in Sources */,
			);
			runOnlyForDeploymentPostprocessing = 0;
		};
/* End PBXSourcesBuildPhase section */

/* Begin XCBuildConfiguration section */
		057BBBA62BEA0A7E0074F9C3 /* Debug */ = {
			isa = XCBuildConfiguration;
			buildSettings = {
				ALWAYS_SEARCH_USER_PATHS = NO;
				CLANG_ANALYZER_NONNULL = YES;
				CLANG_ANALYZER_NUMBER_OBJECT_CONVERSION = YES_AGGRESSIVE;
				CLANG_CXX_LANGUAGE_STANDARD = "gnu++20";
				CLANG_ENABLE_MODULES = YES;
				CLANG_ENABLE_OBJC_ARC = YES;
				CLANG_ENABLE_OBJC_WEAK = YES;
				CLANG_WARN_BLOCK_CAPTURE_AUTORELEASING = YES;
				CLANG_WARN_BOOL_CONVERSION = YES;
				CLANG_WARN_COMMA = YES;
				CLANG_WARN_CONSTANT_CONVERSION = YES;
				CLANG_WARN_DEPRECATED_OBJC_IMPLEMENTATIONS = YES;
				CLANG_WARN_DIRECT_OBJC_ISA_USAGE = YES_ERROR;
				CLANG_WARN_DOCUMENTATION_COMMENTS = YES;
				CLANG_WARN_EMPTY_BODY = YES;
				CLANG_WARN_ENUM_CONVERSION = YES;
				CLANG_WARN_INFINITE_RECURSION = YES;
				CLANG_WARN_INT_CONVERSION = YES;
				CLANG_WARN_NON_LITERAL_NULL_CONVERSION = YES;
				CLANG_WARN_OBJC_IMPLICIT_RETAIN_SELF = YES;
				CLANG_WARN_OBJC_LITERAL_CONVERSION = YES;
				CLANG_WARN_OBJC_ROOT_CLASS = YES_ERROR;
				CLANG_WARN_QUOTED_INCLUDE_IN_FRAMEWORK_HEADER = YES;
				CLANG_WARN_RANGE_LOOP_ANALYSIS = YES;
				CLANG_WARN_STRICT_PROTOTYPES = YES;
				CLANG_WARN_SUSPICIOUS_MOVE = YES;
				CLANG_WARN_UNGUARDED_AVAILABILITY = YES_AGGRESSIVE;
				CLANG_WARN_UNREACHABLE_CODE = YES;
				CLANG_WARN__DUPLICATE_METHOD_MATCH = YES;
				COPY_PHASE_STRIP = NO;
				DEBUG_INFORMATION_FORMAT = dwarf;
				ENABLE_STRICT_OBJC_MSGSEND = YES;
				ENABLE_TESTABILITY = YES;
				GCC_C_LANGUAGE_STANDARD = gnu11;
				GCC_DYNAMIC_NO_PIC = NO;
				GCC_NO_COMMON_BLOCKS = YES;
				GCC_OPTIMIZATION_LEVEL = 0;
				GCC_PREPROCESSOR_DEFINITIONS = (
					"DEBUG=1",
					"$(inherited)",
				);
				GCC_WARN_64_TO_32_BIT_CONVERSION = YES;
				GCC_WARN_ABOUT_RETURN_TYPE = YES_ERROR;
				GCC_WARN_UNDECLARED_SELECTOR = YES;
				GCC_WARN_UNINITIALIZED_AUTOS = YES_AGGRESSIVE;
				GCC_WARN_UNUSED_FUNCTION = YES;
				GCC_WARN_UNUSED_VARIABLE = YES;
				IPHONEOS_DEPLOYMENT_TARGET = 16.4;
				MTL_ENABLE_DEBUG_INFO = INCLUDE_SOURCE;
				MTL_FAST_MATH = YES;
				ONLY_ACTIVE_ARCH = YES;
				SDKROOT = iphoneos;
				SWIFT_ACTIVE_COMPILATION_CONDITIONS = DEBUG;
				SWIFT_OPTIMIZATION_LEVEL = "-Onone";
			};
			name = Debug;
		};
		057BBBA72BEA0A7E0074F9C3 /* Release */ = {
			isa = XCBuildConfiguration;
			buildSettings = {
				ALWAYS_SEARCH_USER_PATHS = NO;
				CLANG_ANALYZER_NONNULL = YES;
				CLANG_ANALYZER_NUMBER_OBJECT_CONVERSION = YES_AGGRESSIVE;
				CLANG_CXX_LANGUAGE_STANDARD = "gnu++20";
				CLANG_ENABLE_MODULES = YES;
				CLANG_ENABLE_OBJC_ARC = YES;
				CLANG_ENABLE_OBJC_WEAK = YES;
				CLANG_WARN_BLOCK_CAPTURE_AUTORELEASING = YES;
				CLANG_WARN_BOOL_CONVERSION = YES;
				CLANG_WARN_COMMA = YES;
				CLANG_WARN_CONSTANT_CONVERSION = YES;
				CLANG_WARN_DEPRECATED_OBJC_IMPLEMENTATIONS = YES;
				CLANG_WARN_DIRECT_OBJC_ISA_USAGE = YES_ERROR;
				CLANG_WARN_DOCUMENTATION_COMMENTS = YES;
				CLANG_WARN_EMPTY_BODY = YES;
				CLANG_WARN_ENUM_CONVERSION = YES;
				CLANG_WARN_INFINITE_RECURSION = YES;
				CLANG_WARN_INT_CONVERSION = YES;
				CLANG_WARN_NON_LITERAL_NULL_CONVERSION = YES;
				CLANG_WARN_OBJC_IMPLICIT_RETAIN_SELF = YES;
				CLANG_WARN_OBJC_LITERAL_CONVERSION = YES;
				CLANG_WARN_OBJC_ROOT_CLASS = YES_ERROR;
				CLANG_WARN_QUOTED_INCLUDE_IN_FRAMEWORK_HEADER = YES;
				CLANG_WARN_RANGE_LOOP_ANALYSIS = YES;
				CLANG_WARN_STRICT_PROTOTYPES = YES;
				CLANG_WARN_SUSPICIOUS_MOVE = YES;
				CLANG_WARN_UNGUARDED_AVAILABILITY = YES_AGGRESSIVE;
				CLANG_WARN_UNREACHABLE_CODE = YES;
				CLANG_WARN__DUPLICATE_METHOD_MATCH = YES;
				COPY_PHASE_STRIP = NO;
				DEBUG_INFORMATION_FORMAT = "dwarf-with-dsym";
				ENABLE_NS_ASSERTIONS = NO;
				ENABLE_STRICT_OBJC_MSGSEND = YES;
				GCC_C_LANGUAGE_STANDARD = gnu11;
				GCC_NO_COMMON_BLOCKS = YES;
				GCC_WARN_64_TO_32_BIT_CONVERSION = YES;
				GCC_WARN_ABOUT_RETURN_TYPE = YES_ERROR;
				GCC_WARN_UNDECLARED_SELECTOR = YES;
				GCC_WARN_UNINITIALIZED_AUTOS = YES_AGGRESSIVE;
				GCC_WARN_UNUSED_FUNCTION = YES;
				GCC_WARN_UNUSED_VARIABLE = YES;
				IPHONEOS_DEPLOYMENT_TARGET = 16.4;
				MTL_ENABLE_DEBUG_INFO = NO;
				MTL_FAST_MATH = YES;
				SDKROOT = iphoneos;
				SWIFT_COMPILATION_MODE = wholemodule;
				SWIFT_OPTIMIZATION_LEVEL = "-O";
				VALIDATE_PRODUCT = YES;
			};
			name = Release;
		};
		057BBBA92BEA0A7E0074F9C3 /* Debug */ = {
			isa = XCBuildConfiguration;
			buildSettings = {
				ASSETCATALOG_COMPILER_APPICON_NAME = AppIcon;
				ASSETCATALOG_COMPILER_GLOBAL_ACCENT_COLOR_NAME = AccentColor;
				CODE_SIGN_STYLE = Automatic;
				CURRENT_PROJECT_VERSION = 1;
				DEVELOPMENT_TEAM = TN8F86PNVM;
				GENERATE_INFOPLIST_FILE = YES;
				INFOPLIST_FILE = "Git Followers/Info.plist";
				INFOPLIST_KEY_UIApplicationSupportsIndirectInputEvents = YES;
				INFOPLIST_KEY_UILaunchStoryboardName = s;
				INFOPLIST_KEY_UIStatusBarStyle = "";
				INFOPLIST_KEY_UISupportedInterfaceOrientations = UIInterfaceOrientationPortrait;
				INFOPLIST_KEY_UISupportedInterfaceOrientations_iPad = "UIInterfaceOrientationPortrait UIInterfaceOrientationPortraitUpsideDown";
				LD_RUNPATH_SEARCH_PATHS = (
					"$(inherited)",
					"@executable_path/Frameworks",
				);
				MARKETING_VERSION = 1.0;
				PRODUCT_BUNDLE_IDENTIFIER = "com.kibichy.Git-Followers";
				PRODUCT_NAME = "$(TARGET_NAME)";
				SUPPORTED_PLATFORMS = "iphoneos iphonesimulator";
				SUPPORTS_MACCATALYST = NO;
				SUPPORTS_MAC_DESIGNED_FOR_IPHONE_IPAD = NO;
				SWIFT_EMIT_LOC_STRINGS = YES;
				SWIFT_VERSION = 5.0;
				TARGETED_DEVICE_FAMILY = "1,2";
			};
			name = Debug;
		};
		057BBBAA2BEA0A7E0074F9C3 /* Release */ = {
			isa = XCBuildConfiguration;
			buildSettings = {
				ASSETCATALOG_COMPILER_APPICON_NAME = AppIcon;
				ASSETCATALOG_COMPILER_GLOBAL_ACCENT_COLOR_NAME = AccentColor;
				CODE_SIGN_STYLE = Automatic;
				CURRENT_PROJECT_VERSION = 1;
				DEVELOPMENT_TEAM = TN8F86PNVM;
				GENERATE_INFOPLIST_FILE = YES;
				INFOPLIST_FILE = "Git Followers/Info.plist";
				INFOPLIST_KEY_UIApplicationSupportsIndirectInputEvents = YES;
				INFOPLIST_KEY_UILaunchStoryboardName = s;
				INFOPLIST_KEY_UIStatusBarStyle = "";
				INFOPLIST_KEY_UISupportedInterfaceOrientations = UIInterfaceOrientationPortrait;
				INFOPLIST_KEY_UISupportedInterfaceOrientations_iPad = "UIInterfaceOrientationPortrait UIInterfaceOrientationPortraitUpsideDown";
				LD_RUNPATH_SEARCH_PATHS = (
					"$(inherited)",
					"@executable_path/Frameworks",
				);
				MARKETING_VERSION = 1.0;
				PRODUCT_BUNDLE_IDENTIFIER = "com.kibichy.Git-Followers";
				PRODUCT_NAME = "$(TARGET_NAME)";
				SUPPORTED_PLATFORMS = "iphoneos iphonesimulator";
				SUPPORTS_MACCATALYST = NO;
				SUPPORTS_MAC_DESIGNED_FOR_IPHONE_IPAD = NO;
				SWIFT_EMIT_LOC_STRINGS = YES;
				SWIFT_VERSION = 5.0;
				TARGETED_DEVICE_FAMILY = "1,2";
			};
			name = Release;
		};
/* End XCBuildConfiguration section */

/* Begin XCConfigurationList section */
		057BBB8F2BEA0A7C0074F9C3 /* Build configuration list for PBXProject "Git Followers" */ = {
			isa = XCConfigurationList;
			buildConfigurations = (
				057BBBA62BEA0A7E0074F9C3 /* Debug */,
				057BBBA72BEA0A7E0074F9C3 /* Release */,
			);
			defaultConfigurationIsVisible = 0;
			defaultConfigurationName = Release;
		};
		057BBBA82BEA0A7E0074F9C3 /* Build configuration list for PBXNativeTarget "Git Followers" */ = {
			isa = XCConfigurationList;
			buildConfigurations = (
				057BBBA92BEA0A7E0074F9C3 /* Debug */,
				057BBBAA2BEA0A7E0074F9C3 /* Release */,
			);
			defaultConfigurationIsVisible = 0;
			defaultConfigurationName = Release;
		};
/* End XCConfigurationList section */
	};
	rootObject = 057BBB8C2BEA0A7C0074F9C3 /* Project object */;
}
